
Microsoft Visual Studio Solution File, Format Version 12.00
# Visual Studio 2015
Project("{FAE04EC0-301F-11D3-BF4B-00C04F79EFBC}") = "streamer.CSharp.Plugins", "streamer.CSharp.Plugins.csproj", "{C312FAF9-A771-45ED-46BA-1628F59EE6E4}"
EndProject
Project("{FAE04EC0-301F-11D3-BF4B-00C04F79EFBC}") = "streamer.CSharp", "streamer.CSharp.csproj", "{A0B2FE66-8C19-6104-EE12-5E0FCCB6A3DF}"
EndProject
Project("{FAE04EC0-301F-11D3-BF4B-00C04F79EFBC}") = "streamer.CSharp.Editor", "streamer.CSharp.Editor.csproj", "{86DE49A1-E1D7-BE5D-FE24-92356F686925}"
EndProject
Global
	GlobalSection(SolutionConfigurationPlatforms) = preSolution
		Debug|Any CPU = Debug|Any CPU
		Release|Any CPU = Release|Any CPU
	EndGlobalSection
	GlobalSection(ProjectConfigurationPlatforms) = postSolution
		{C312FAF9-A771-45ED-46BA-1628F59EE6E4}.Debug|Any CPU.ActiveCfg = Debug|Any CPU
		{C312FAF9-A771-45ED-46BA-1628F59EE6E4}.Debug|Any CPU.Build.0 = Debug|Any CPU
		{C312FAF9-A771-45ED-46BA-1628F59EE6E4}.Release|Any CPU.ActiveCfg = Release|Any CPU
		{C312FAF9-A771-45ED-46BA-1628F59EE6E4}.Release|Any CPU.Build.0 = Release|Any CPU
		{A0B2FE66-8C19-6104-EE12-5E0FCCB6A3DF}.Debug|Any CPU.ActiveCfg = Debug|Any CPU
		{A0B2FE66-8C19-6104-EE12-5E0FCCB6A3DF}.Debug|Any CPU.Build.0 = Debug|Any CPU
		{A0B2FE66-8C19-6104-EE12-5E0FCCB6A3DF}.Release|Any CPU.ActiveCfg = Release|Any CPU
		{A0B2FE66-8C19-6104-EE12-5E0FCCB6A3DF}.Release|Any CPU.Build.0 = Release|Any CPU
		{86DE49A1-E1D7-BE5D-FE24-92356F686925}.Debug|Any CPU.ActiveCfg = Debug|Any CPU
		{86DE49A1-E1D7-BE5D-FE24-92356F686925}.Debug|Any CPU.Build.0 = Debug|Any CPU
		{86DE49A1-E1D7-BE5D-FE24-92356F686925}.Release|Any CPU.ActiveCfg = Release|Any CPU
		{86DE49A1-E1D7-BE5D-FE24-92356F686925}.Release|Any CPU.Build.0 = Release|Any CPU
	EndGlobalSection
	GlobalSection(SolutionProperties) = preSolution
		HideSolutionNode = FALSE
	EndGlobalSection
EndGlobal
