
Microsoft Visual Studio Solution File, Format Version 12.00
# Visual Studio 2015
Project("{FAE04EC0-301F-11D3-BF4B-00C04F79EFBC}") = "StreamVisuals.CSharp.Plugins", "StreamVisuals.CSharp.Plugins.csproj", "{DA397FCB-18AD-F524-5CC8-7822DFF1DBB3}"
EndProject
Project("{FAE04EC0-301F-11D3-BF4B-00C04F79EFBC}") = "StreamVisuals.CSharp", "StreamVisuals.CSharp.csproj", "{502607FF-AB0E-0567-486A-E2502BADB8A1}"
EndProject
Project("{FAE04EC0-301F-11D3-BF4B-00C04F79EFBC}") = "StreamVisuals.CSharp.Editor", "StreamVisuals.CSharp.Editor.csproj", "{5833AAF5-D658-3583-1462-42A8A5399552}"
EndProject
Global
	GlobalSection(SolutionConfigurationPlatforms) = preSolution
		Debug|Any CPU = Debug|Any CPU
		Release|Any CPU = Release|Any CPU
	EndGlobalSection
	GlobalSection(ProjectConfigurationPlatforms) = postSolution
		{DA397FCB-18AD-F524-5CC8-7822DFF1DBB3}.Debug|Any CPU.ActiveCfg = Debug|Any CPU
		{DA397FCB-18AD-F524-5CC8-7822DFF1DBB3}.Debug|Any CPU.Build.0 = Debug|Any CPU
		{DA397FCB-18AD-F524-5CC8-7822DFF1DBB3}.Release|Any CPU.ActiveCfg = Release|Any CPU
		{DA397FCB-18AD-F524-5CC8-7822DFF1DBB3}.Release|Any CPU.Build.0 = Release|Any CPU
		{502607FF-AB0E-0567-486A-E2502BADB8A1}.Debug|Any CPU.ActiveCfg = Debug|Any CPU
		{502607FF-AB0E-0567-486A-E2502BADB8A1}.Debug|Any CPU.Build.0 = Debug|Any CPU
		{502607FF-AB0E-0567-486A-E2502BADB8A1}.Release|Any CPU.ActiveCfg = Release|Any CPU
		{502607FF-AB0E-0567-486A-E2502BADB8A1}.Release|Any CPU.Build.0 = Release|Any CPU
		{5833AAF5-D658-3583-1462-42A8A5399552}.Debug|Any CPU.ActiveCfg = Debug|Any CPU
		{5833AAF5-D658-3583-1462-42A8A5399552}.Debug|Any CPU.Build.0 = Debug|Any CPU
		{5833AAF5-D658-3583-1462-42A8A5399552}.Release|Any CPU.ActiveCfg = Release|Any CPU
		{5833AAF5-D658-3583-1462-42A8A5399552}.Release|Any CPU.Build.0 = Release|Any CPU
	EndGlobalSection
	GlobalSection(SolutionProperties) = preSolution
		HideSolutionNode = FALSE
	EndGlobalSection
EndGlobal
