Microsoft Visual Studio Solution File, Format Version 11.00
# Visual Studio 2008

Project("{0FC31ADA-719B-25E2-BFAC-B1F1939CF09E}") = "streamer", "Assembly-CSharp-firstpass.csproj", "{FF3CEDC0-04D9-BD7B-7E69-E3B5F445857A}"
EndProject
Project("{0FC31ADA-719B-25E2-BFAC-B1F1939CF09E}") = "streamer", "Assembly-CSharp.csproj", "{BBA96C3A-5444-6954-5ADD-4D077EE0F8EC}"
EndProject
Project("{0FC31ADA-719B-25E2-BFAC-B1F1939CF09E}") = "streamer", "Assembly-CSharp-Editor.csproj", "{15541B52-D8F9-7D10-A4BE-EA6437EA2032}"
EndProject
Global
	GlobalSection(SolutionConfigurationPlatforms) = preSolution
		Debug|Any CPU = Debug|Any CPU
		Release|Any CPU = Release|Any CPU
	EndGlobalSection
	GlobalSection(ProjectConfigurationPlatforms) = postSolution
		{FF3CEDC0-04D9-BD7B-7E69-E3B5F445857A}.Debug|Any CPU.ActiveCfg = Debug|Any CPU
		{FF3CEDC0-04D9-BD7B-7E69-E3B5F445857A}.Debug|Any CPU.Build.0 = Debug|Any CPU
		{FF3CEDC0-04D9-BD7B-7E69-E3B5F445857A}.Release|Any CPU.ActiveCfg = Release|Any CPU
		{FF3CEDC0-04D9-BD7B-7E69-E3B5F445857A}.Release|Any CPU.Build.0 = Release|Any CPU
		{BBA96C3A-5444-6954-5ADD-4D077EE0F8EC}.Debug|Any CPU.ActiveCfg = Debug|Any CPU
		{BBA96C3A-5444-6954-5ADD-4D077EE0F8EC}.Debug|Any CPU.Build.0 = Debug|Any CPU
		{BBA96C3A-5444-6954-5ADD-4D077EE0F8EC}.Release|Any CPU.ActiveCfg = Release|Any CPU
		{BBA96C3A-5444-6954-5ADD-4D077EE0F8EC}.Release|Any CPU.Build.0 = Release|Any CPU
		{15541B52-D8F9-7D10-A4BE-EA6437EA2032}.Debug|Any CPU.ActiveCfg = Debug|Any CPU
		{15541B52-D8F9-7D10-A4BE-EA6437EA2032}.Debug|Any CPU.Build.0 = Debug|Any CPU
		{15541B52-D8F9-7D10-A4BE-EA6437EA2032}.Release|Any CPU.ActiveCfg = Release|Any CPU
		{15541B52-D8F9-7D10-A4BE-EA6437EA2032}.Release|Any CPU.Build.0 = Release|Any CPU
	EndGlobalSection
	GlobalSection(SolutionProperties) = preSolution
		HideSolutionNode = FALSE
	EndGlobalSection
	GlobalSection(MonoDevelopProperties) = preSolution
		StartupItem = Assembly-CSharp.csproj
	EndGlobalSection
EndGlobal
